
Microsoft Visual Studio Solution File, Format Version 12.00
# Visual Studio 15
VisualStudioVersion = 15.0.28010.2036
MinimumVisualStudioVersion = 10.0.40219.1
Project("{FAE04EC0-301F-11D3-BF4B-00C04F79EFBC}") = "H3_BankingApp", "H3_BankingApp\H3_BankingApp.csproj", "{501166B0-43F7-43CF-BDBA-42E288D28618}"
EndProject
Global
	GlobalSection(SolutionConfigurationPlatforms) = preSolution
		Debug|Any CPU = Debug|Any CPU
		Release|Any CPU = Release|Any CPU
	EndGlobalSection
	GlobalSection(ProjectConfigurationPlatforms) = postSolution
		{501166B0-43F7-43CF-BDBA-42E288D28618}.Debug|Any CPU.ActiveCfg = Debug|Any CPU
		{501166B0-43F7-43CF-BDBA-42E288D28618}.Debug|Any CPU.Build.0 = Debug|Any CPU
		{501166B0-43F7-43CF-BDBA-42E288D28618}.Release|Any CPU.ActiveCfg = Release|Any CPU
		{501166B0-43F7-43CF-BDBA-42E288D28618}.Release|Any CPU.Build.0 = Release|Any CPU
	EndGlobalSection
	GlobalSection(SolutionProperties) = preSolution
		HideSolutionNode = FALSE
	EndGlobalSection
	GlobalSection(ExtensibilityGlobals) = postSolution
		SolutionGuid = {B61C2C96-55DB-431A-A7CF-FD415BD40032}
	EndGlobalSection
EndGlobal
